// !$*UTF8*$!
{
	archiveVersion = 1;
	classes = {
	};
	objectVersion = 50;
	objects = {

/* Begin PBXBuildFile section */
		F3C53A002532E049008225B1 /* AppDelegate.swift in Sources */ = {isa = PBXBuildFile; fileRef = F3C539FF2532E049008225B1 /* AppDelegate.swift */; };
		F3C53A022532E049008225B1 /* SceneDelegate.swift in Sources */ = {isa = PBXBuildFile; fileRef = F3C53A012532E049008225B1 /* SceneDelegate.swift */; };
		F3C53A042532E049008225B1 /* ViewController.swift in Sources */ = {isa = PBXBuildFile; fileRef = F3C53A032532E049008225B1 /* ViewController.swift */; };
		F3C53A072532E049008225B1 /* Main.storyboard in Resources */ = {isa = PBXBuildFile; fileRef = F3C53A052532E049008225B1 /* Main.storyboard */; };
		F3C53A092532E04D008225B1 /* Assets.xcassets in Resources */ = {isa = PBXBuildFile; fileRef = F3C53A082532E04D008225B1 /* Assets.xcassets */; };
		F3C53A0C2532E04D008225B1 /* LaunchScreen.storyboard in Resources */ = {isa = PBXBuildFile; fileRef = F3C53A0A2532E04D008225B1 /* LaunchScreen.storyboard */; };
		F3C53A172532E04D008225B1 /* UnwindsequeTests.swift in Sources */ = {isa = PBXBuildFile; fileRef = F3C53A162532E04D008225B1 /* UnwindsequeTests.swift */; };
		F3C53A222532E04D008225B1 /* UnwindsequeUITests.swift in Sources */ = {isa = PBXBuildFile; fileRef = F3C53A212532E04D008225B1 /* UnwindsequeUITests.swift */; };
/* End PBXBuildFile section */

/* Begin PBXContainerItemProxy section */
		F3C53A132532E04D008225B1 /* PBXContainerItemProxy */ = {
			isa = PBXContainerItemProxy;
			containerPortal = F3C539F42532E049008225B1 /* Project object */;
			proxyType = 1;
			remoteGlobalIDString = F3C539FB2532E049008225B1;
			remoteInfo = Unwindseque;
		};
		F3C53A1E2532E04D008225B1 /* PBXContainerItemProxy */ = {
			isa = PBXContainerItemProxy;
			containerPortal = F3C539F42532E049008225B1 /* Project object */;
			proxyType = 1;
			remoteGlobalIDString = F3C539FB2532E049008225B1;
			remoteInfo = Unwindseque;
		};
/* End PBXContainerItemProxy section */

/* Begin PBXFileReference section */
		F3C539FC2532E049008225B1 /* Unwindseque.app */ = {isa = PBXFileReference; explicitFileType = wrapper.application; includeInIndex = 0; path = Unwindseque.app; sourceTree = BUILT_PRODUCTS_DIR; };
		F3C539FF2532E049008225B1 /* AppDelegate.swift */ = {isa = PBXFileReference; lastKnownFileType = sourcecode.swift; path = AppDelegate.swift; sourceTree = "<group>"; };
		F3C53A012532E049008225B1 /* SceneDelegate.swift */ = {isa = PBXFileReference; lastKnownFileType = sourcecode.swift; path = SceneDelegate.swift; sourceTree = "<group>"; };
		F3C53A032532E049008225B1 /* ViewController.swift */ = {isa = PBXFileReference; lastKnownFileType = sourcecode.swift; path = ViewController.swift; sourceTree = "<group>"; };
		F3C53A062532E049008225B1 /* Base */ = {isa = PBXFileReference; lastKnownFileType = file.storyboard; name = Base; path = Base.lproj/Main.storyboard; sourceTree = "<group>"; };
		F3C53A082532E04D008225B1 /* Assets.xcassets */ = {isa = PBXFileReference; lastKnownFileType = folder.assetcatalog; path = Assets.xcassets; sourceTree = "<group>"; };
		F3C53A0B2532E04D008225B1 /* Base */ = {isa = PBXFileReference; lastKnownFileType = file.storyboard; name = Base; path = Base.lproj/LaunchScreen.storyboard; sourceTree = "<group>"; };
		F3C53A0D2532E04D008225B1 /* Info.plist */ = {isa = PBXFileReference; lastKnownFileType = text.plist.xml; path = Info.plist; sourceTree = "<group>"; };
		F3C53A122532E04D008225B1 /* UnwindsequeTests.xctest */ = {isa = PBXFileReference; explicitFileType = wrapper.cfbundle; includeInIndex = 0; path = UnwindsequeTests.xctest; sourceTree = BUILT_PRODUCTS_DIR; };
		F3C53A162532E04D008225B1 /* UnwindsequeTests.swift */ = {isa = PBXFileReference; lastKnownFileType = sourcecode.swift; path = UnwindsequeTests.swift; sourceTree = "<group>"; };
		F3C53A182532E04D008225B1 /* Info.plist */ = {isa = PBXFileReference; lastKnownFileType = text.plist.xml; path = Info.plist; sourceTree = "<group>"; };
		F3C53A1D2532E04D008225B1 /* UnwindsequeUITests.xctest */ = {isa = PBXFileReference; explicitFileType = wrapper.cfbundle; includeInIndex = 0; path = UnwindsequeUITests.xctest; sourceTree = BUILT_PRODUCTS_DIR; };
		F3C53A212532E04D008225B1 /* UnwindsequeUITests.swift */ = {isa = PBXFileReference; lastKnownFileType = sourcecode.swift; path = UnwindsequeUITests.swift; sourceTree = "<group>"; };
		F3C53A232532E04D008225B1 /* Info.plist */ = {isa = PBXFileReference; lastKnownFileType = text.plist.xml; path = Info.plist; sourceTree = "<group>"; };
/* End PBXFileReference section */

/* Begin PBXFrameworksBuildPhase section */
		F3C539F92532E049008225B1 /* Frameworks */ = {
			isa = PBXFrameworksBuildPhase;
			buildActionMask = 2147483647;
			files = (
			);
			runOnlyForDeploymentPostprocessing = 0;
		};
		F3C53A0F2532E04D008225B1 /* Frameworks */ = {
			isa = PBXFrameworksBuildPhase;
			buildActionMask = 2147483647;
			files = (
			);
			runOnlyForDeploymentPostprocessing = 0;
		};
		F3C53A1A2532E04D008225B1 /* Frameworks */ = {
			isa = PBXFrameworksBuildPhase;
			buildActionMask = 2147483647;
			files = (
			);
			runOnlyForDeploymentPostprocessing = 0;
		};
/* End PBXFrameworksBuildPhase section */

/* Begin PBXGroup section */
		F3C539F32532E049008225B1 = {
			isa = PBXGroup;
			children = (
				F3C539FE2532E049008225B1 /* Unwindseque */,
				F3C53A152532E04D008225B1 /* UnwindsequeTests */,
				F3C53A202532E04D008225B1 /* UnwindsequeUITests */,
				F3C539FD2532E049008225B1 /* Products */,
			);
			sourceTree = "<group>";
		};
		F3C539FD2532E049008225B1 /* Products */ = {
			isa = PBXGroup;
			children = (
				F3C539FC2532E049008225B1 /* Unwindseque.app */,
				F3C53A122532E04D008225B1 /* UnwindsequeTests.xctest */,
				F3C53A1D2532E04D008225B1 /* UnwindsequeUITests.xctest */,
			);
			name = Products;
			sourceTree = "<group>";
		};
		F3C539FE2532E049008225B1 /* Unwindseque */ = {
			isa = PBXGroup;
			children = (
				F3C539FF2532E049008225B1 /* AppDelegate.swift */,
				F3C53A012532E049008225B1 /* SceneDelegate.swift */,
				F3C53A032532E049008225B1 /* ViewController.swift */,
				F3C53A052532E049008225B1 /* Main.storyboard */,
				F3C53A082532E04D008225B1 /* Assets.xcassets */,
				F3C53A0A2532E04D008225B1 /* LaunchScreen.storyboard */,
				F3C53A0D2532E04D008225B1 /* Info.plist */,
			);
			path = Unwindseque;
			sourceTree = "<group>";
		};
		F3C53A152532E04D008225B1 /* UnwindsequeTests */ = {
			isa = PBXGroup;
			children = (
				F3C53A162532E04D008225B1 /* UnwindsequeTests.swift */,
				F3C53A182532E04D008225B1 /* Info.plist */,
			);
			path = UnwindsequeTests;
			sourceTree = "<group>";
		};
		F3C53A202532E04D008225B1 /* UnwindsequeUITests */ = {
			isa = PBXGroup;
			children = (
				F3C53A212532E04D008225B1 /* UnwindsequeUITests.swift */,
				F3C53A232532E04D008225B1 /* Info.plist */,
			);
			path = UnwindsequeUITests;
			sourceTree = "<group>";
		};
/* End PBXGroup section */

/* Begin PBXNativeTarget section */
		F3C539FB2532E049008225B1 /* Unwindseque */ = {
			isa = PBXNativeTarget;
			buildConfigurationList = F3C53A262532E04D008225B1 /* Build configuration list for PBXNativeTarget "Unwindseque" */;
			buildPhases = (
				F3C539F82532E049008225B1 /* Sources */,
				F3C539F92532E049008225B1 /* Frameworks */,
				F3C539FA2532E049008225B1 /* Resources */,
			);
			buildRules = (
			);
			dependencies = (
			);
			name = Unwindseque;
			productName = Unwindseque;
			productReference = F3C539FC2532E049008225B1 /* Unwindseque.app */;
			productType = "com.apple.product-type.application";
		};
		F3C53A112532E04D008225B1 /* UnwindsequeTests */ = {
			isa = PBXNativeTarget;
			buildConfigurationList = F3C53A292532E04D008225B1 /* Build configuration list for PBXNativeTarget "UnwindsequeTests" */;
			buildPhases = (
				F3C53A0E2532E04D008225B1 /* Sources */,
				F3C53A0F2532E04D008225B1 /* Frameworks */,
				F3C53A102532E04D008225B1 /* Resources */,
			);
			buildRules = (
			);
			dependencies = (
				F3C53A142532E04D008225B1 /* PBXTargetDependency */,
			);
			name = UnwindsequeTests;
			productName = UnwindsequeTests;
			productReference = F3C53A122532E04D008225B1 /* UnwindsequeTests.xctest */;
			productType = "com.apple.product-type.bundle.unit-test";
		};
		F3C53A1C2532E04D008225B1 /* UnwindsequeUITests */ = {
			isa = PBXNativeTarget;
			buildConfigurationList = F3C53A2C2532E04D008225B1 /* Build configuration list for PBXNativeTarget "UnwindsequeUITests" */;
			buildPhases = (
				F3C53A192532E04D008225B1 /* Sources */,
				F3C53A1A2532E04D008225B1 /* Frameworks */,
				F3C53A1B2532E04D008225B1 /* Resources */,
			);
			buildRules = (
			);
			dependencies = (
				F3C53A1F2532E04D008225B1 /* PBXTargetDependency */,
			);
			name = UnwindsequeUITests;
			productName = UnwindsequeUITests;
			productReference = F3C53A1D2532E04D008225B1 /* UnwindsequeUITests.xctest */;
			productType = "com.apple.product-type.bundle.ui-testing";
		};
/* End PBXNativeTarget section */

/* Begin PBXProject section */
		F3C539F42532E049008225B1 /* Project object */ = {
			isa = PBXProject;
			attributes = {
				LastSwiftUpdateCheck = 1200;
				LastUpgradeCheck = 1200;
				TargetAttributes = {
					F3C539FB2532E049008225B1 = {
						CreatedOnToolsVersion = 12.0.1;
					};
					F3C53A112532E04D008225B1 = {
						CreatedOnToolsVersion = 12.0.1;
						TestTargetID = F3C539FB2532E049008225B1;
					};
					F3C53A1C2532E04D008225B1 = {
						CreatedOnToolsVersion = 12.0.1;
						TestTargetID = F3C539FB2532E049008225B1;
					};
				};
			};
			buildConfigurationList = F3C539F72532E049008225B1 /* Build configuration list for PBXProject "Unwindseque" */;
			compatibilityVersion = "Xcode 9.3";
			developmentRegion = en;
			hasScannedForEncodings = 0;
			knownRegions = (
				en,
				Base,
			);
			mainGroup = F3C539F32532E049008225B1;
			productRefGroup = F3C539FD2532E049008225B1 /* Products */;
			projectDirPath = "";
			projectRoot = "";
			targets = (
				F3C539FB2532E049008225B1 /* Unwindseque */,
				F3C53A112532E04D008225B1 /* UnwindsequeTests */,
				F3C53A1C2532E04D008225B1 /* UnwindsequeUITests */,
			);
		};
/* End PBXProject section */

/* Begin PBXResourcesBuildPhase section */
		F3C539FA2532E049008225B1 /* Resources */ = {
			isa = PBXResourcesBuildPhase;
			buildActionMask = 2147483647;
			files = (
				F3C53A0C2532E04D008225B1 /* LaunchScreen.storyboard in Resources */,
				F3C53A092532E04D008225B1 /* Assets.xcassets in Resources */,
				F3C53A072532E049008225B1 /* Main.storyboard in Resources */,
			);
			runOnlyForDeploymentPostprocessing = 0;
		};
		F3C53A102532E04D008225B1 /* Resources */ = {
			isa = PBXResourcesBuildPhase;
			buildActionMask = 2147483647;
			files = (
			);
			runOnlyForDeploymentPostprocessing = 0;
		};
		F3C53A1B2532E04D008225B1 /* Resources */ = {
			isa = PBXResourcesBuildPhase;
			buildActionMask = 2147483647;
			files = (
			);
			runOnlyForDeploymentPostprocessing = 0;
		};
/* End PBXResourcesBuildPhase section */

/* Begin PBXSourcesBuildPhase section */
		F3C539F82532E049008225B1 /* Sources */ = {
			isa = PBXSourcesBuildPhase;
			buildActionMask = 2147483647;
			files = (
				F3C53A042532E049008225B1 /* ViewController.swift in Sources */,
				F3C53A002532E049008225B1 /* AppDelegate.swift in Sources */,
				F3C53A022532E049008225B1 /* SceneDelegate.swift in Sources */,
			);
			runOnlyForDeploymentPostprocessing = 0;
		};
		F3C53A0E2532E04D008225B1 /* Sources */ = {
			isa = PBXSourcesBuildPhase;
			buildActionMask = 2147483647;
			files = (
				F3C53A172532E04D008225B1 /* UnwindsequeTests.swift in Sources */,
			);
			runOnlyForDeploymentPostprocessing = 0;
		};
		F3C53A192532E04D008225B1 /* Sources */ = {
			isa = PBXSourcesBuildPhase;
			buildActionMask = 2147483647;
			files = (
				F3C53A222532E04D008225B1 /* UnwindsequeUITests.swift in Sources */,
			);
			runOnlyForDeploymentPostprocessing = 0;
		};
/* End PBXSourcesBuildPhase section */

/* Begin PBXTargetDependency section */
		F3C53A142532E04D008225B1 /* PBXTargetDependency */ = {
			isa = PBXTargetDependency;
			target = F3C539FB2532E049008225B1 /* Unwindseque */;
			targetProxy = F3C53A132532E04D008225B1 /* PBXContainerItemProxy */;
		};
		F3C53A1F2532E04D008225B1 /* PBXTargetDependency */ = {
			isa = PBXTargetDependency;
			target = F3C539FB2532E049008225B1 /* Unwindseque */;
			targetProxy = F3C53A1E2532E04D008225B1 /* PBXContainerItemProxy */;
		};
/* End PBXTargetDependency section */

/* Begin PBXVariantGroup section */
		F3C53A052532E049008225B1 /* Main.storyboard */ = {
			isa = PBXVariantGroup;
			children = (
				F3C53A062532E049008225B1 /* Base */,
			);
			name = Main.storyboard;
			sourceTree = "<group>";
		};
		F3C53A0A2532E04D008225B1 /* LaunchScreen.storyboard */ = {
			isa = PBXVariantGroup;
			children = (
				F3C53A0B2532E04D008225B1 /* Base */,
			);
			name = LaunchScreen.storyboard;
			sourceTree = "<group>";
		};
/* End PBXVariantGroup section */

/* Begin XCBuildConfiguration section */
		F3C53A242532E04D008225B1 /* Debug */ = {
			isa = XCBuildConfiguration;
			buildSettings = {
				ALWAYS_SEARCH_USER_PATHS = NO;
				CLANG_ANALYZER_NONNULL = YES;
				CLANG_ANALYZER_NUMBER_OBJECT_CONVERSION = YES_AGGRESSIVE;
				CLANG_CXX_LANGUAGE_STANDARD = "gnu++14";
				CLANG_CXX_LIBRARY = "libc++";
				CLANG_ENABLE_MODULES = YES;
				CLANG_ENABLE_OBJC_ARC = YES;
				CLANG_ENABLE_OBJC_WEAK = YES;
				CLANG_WARN_BLOCK_CAPTURE_AUTORELEASING = YES;
				CLANG_WARN_BOOL_CONVERSION = YES;
				CLANG_WARN_COMMA = YES;
				CLANG_WARN_CONSTANT_CONVERSION = YES;
				CLANG_WARN_DEPRECATED_OBJC_IMPLEMENTATIONS = YES;
				CLANG_WARN_DIRECT_OBJC_ISA_USAGE = YES_ERROR;
				CLANG_WARN_DOCUMENTATION_COMMENTS = YES;
				CLANG_WARN_EMPTY_BODY = YES;
				CLANG_WARN_ENUM_CONVERSION = YES;
				CLANG_WARN_INFINITE_RECURSION = YES;
				CLANG_WARN_INT_CONVERSION = YES;
				CLANG_WARN_NON_LITERAL_NULL_CONVERSION = YES;
				CLANG_WARN_OBJC_IMPLICIT_RETAIN_SELF = YES;
				CLANG_WARN_OBJC_LITERAL_CONVERSION = YES;
				CLANG_WARN_OBJC_ROOT_CLASS = YES_ERROR;
				CLANG_WARN_QUOTED_INCLUDE_IN_FRAMEWORK_HEADER = YES;
				CLANG_WARN_RANGE_LOOP_ANALYSIS = YES;
				CLANG_WARN_STRICT_PROTOTYPES = YES;
				CLANG_WARN_SUSPICIOUS_MOVE = YES;
				CLANG_WARN_UNGUARDED_AVAILABILITY = YES_AGGRESSIVE;
				CLANG_WARN_UNREACHABLE_CODE = YES;
				CLANG_WARN__DUPLICATE_METHOD_MATCH = YES;
				COPY_PHASE_STRIP = NO;
				DEBUG_INFORMATION_FORMAT = dwarf;
				ENABLE_STRICT_OBJC_MSGSEND = YES;
				ENABLE_TESTABILITY = YES;
				GCC_C_LANGUAGE_STANDARD = gnu11;
				GCC_DYNAMIC_NO_PIC = NO;
				GCC_NO_COMMON_BLOCKS = YES;
				GCC_OPTIMIZATION_LEVEL = 0;
				GCC_PREPROCESSOR_DEFINITIONS = (
					"DEBUG=1",
					"$(inherited)",
				);
				GCC_WARN_64_TO_32_BIT_CONVERSION = YES;
				GCC_WARN_ABOUT_RETURN_TYPE = YES_ERROR;
				GCC_WARN_UNDECLARED_SELECTOR = YES;
				GCC_WARN_UNINITIALIZED_AUTOS = YES_AGGRESSIVE;
				GCC_WARN_UNUSED_FUNCTION = YES;
				GCC_WARN_UNUSED_VARIABLE = YES;
				IPHONEOS_DEPLOYMENT_TARGET = 14.0;
				MTL_ENABLE_DEBUG_INFO = INCLUDE_SOURCE;
				MTL_FAST_MATH = YES;
				ONLY_ACTIVE_ARCH = YES;
				SDKROOT = iphoneos;
				SWIFT_ACTIVE_COMPILATION_CONDITIONS = DEBUG;
				SWIFT_OPTIMIZATION_LEVEL = "-Onone";
			};
			name = Debug;
		};
		F3C53A252532E04D008225B1 /* Release */ = {
			isa = XCBuildConfiguration;
			buildSettings = {
				ALWAYS_SEARCH_USER_PATHS = NO;
				CLANG_ANALYZER_NONNULL = YES;
				CLANG_ANALYZER_NUMBER_OBJECT_CONVERSION = YES_AGGRESSIVE;
				CLANG_CXX_LANGUAGE_STANDARD = "gnu++14";
				CLANG_CXX_LIBRARY = "libc++";
				CLANG_ENABLE_MODULES = YES;
				CLANG_ENABLE_OBJC_ARC = YES;
				CLANG_ENABLE_OBJC_WEAK = YES;
				CLANG_WARN_BLOCK_CAPTURE_AUTORELEASING = YES;
				CLANG_WARN_BOOL_CONVERSION = YES;
				CLANG_WARN_COMMA = YES;
				CLANG_WARN_CONSTANT_CONVERSION = YES;
				CLANG_WARN_DEPRECATED_OBJC_IMPLEMENTATIONS = YES;
				CLANG_WARN_DIRECT_OBJC_ISA_USAGE = YES_ERROR;
				CLANG_WARN_DOCUMENTATION_COMMENTS = YES;
				CLANG_WARN_EMPTY_BODY = YES;
				CLANG_WARN_ENUM_CONVERSION = YES;
				CLANG_WARN_INFINITE_RECURSION = YES;
				CLANG_WARN_INT_CONVERSION = YES;
				CLANG_WARN_NON_LITERAL_NULL_CONVERSION = YES;
				CLANG_WARN_OBJC_IMPLICIT_RETAIN_SELF = YES;
				CLANG_WARN_OBJC_LITERAL_CONVERSION = YES;
				CLANG_WARN_OBJC_ROOT_CLASS = YES_ERROR;
				CLANG_WARN_QUOTED_INCLUDE_IN_FRAMEWORK_HEADER = YES;
				CLANG_WARN_RANGE_LOOP_ANALYSIS = YES;
				CLANG_WARN_STRICT_PROTOTYPES = YES;
				CLANG_WARN_SUSPICIOUS_MOVE = YES;
				CLANG_WARN_UNGUARDED_AVAILABILITY = YES_AGGRESSIVE;
				CLANG_WARN_UNREACHABLE_CODE = YES;
				CLANG_WARN__DUPLICATE_METHOD_MATCH = YES;
				COPY_PHASE_STRIP = NO;
				DEBUG_INFORMATION_FORMAT = "dwarf-with-dsym";
				ENABLE_NS_ASSERTIONS = NO;
				ENABLE_STRICT_OBJC_MSGSEND = YES;
				GCC_C_LANGUAGE_STANDARD = gnu11;
				GCC_NO_COMMON_BLOCKS = YES;
				GCC_WARN_64_TO_32_BIT_CONVERSION = YES;
				GCC_WARN_ABOUT_RETURN_TYPE = YES_ERROR;
				GCC_WARN_UNDECLARED_SELECTOR = YES;
				GCC_WARN_UNINITIALIZED_AUTOS = YES_AGGRESSIVE;
				GCC_WARN_UNUSED_FUNCTION = YES;
				GCC_WARN_UNUSED_VARIABLE = YES;
				IPHONEOS_DEPLOYMENT_TARGET = 14.0;
				MTL_ENABLE_DEBUG_INFO = NO;
				MTL_FAST_MATH = YES;
				SDKROOT = iphoneos;
				SWIFT_COMPILATION_MODE = wholemodule;
				SWIFT_OPTIMIZATION_LEVEL = "-O";
				VALIDATE_PRODUCT = YES;
			};
			name = Release;
		};
		F3C53A272532E04D008225B1 /* Debug */ = {
			isa = XCBuildConfiguration;
			buildSettings = {
				ASSETCATALOG_COMPILER_APPICON_NAME = AppIcon;
				ASSETCATALOG_COMPILER_GLOBAL_ACCENT_COLOR_NAME = AccentColor;
				CODE_SIGN_STYLE = Automatic;
				DEVELOPMENT_TEAM = VNZ7BD5V4J;
				INFOPLIST_FILE = Unwindseque/Info.plist;
				LD_RUNPATH_SEARCH_PATHS = (
					"$(inherited)",
					"@executable_path/Frameworks",
				);
				PRODUCT_BUNDLE_IDENTIFIER = com.ios.anytime.Unwindseque;
				PRODUCT_NAME = "$(TARGET_NAME)";
				SWIFT_VERSION = 5.0;
				TARGETED_DEVICE_FAMILY = "1,2";
			};
			name = Debug;
		};
		F3C53A282532E04D008225B1 /* Release */ = {
			isa = XCBuildConfiguration;
			buildSettings = {
				ASSETCATALOG_COMPILER_APPICON_NAME = AppIcon;
				ASSETCATALOG_COMPILER_GLOBAL_ACCENT_COLOR_NAME = AccentColor;
				CODE_SIGN_STYLE = Automatic;
				DEVELOPMENT_TEAM = VNZ7BD5V4J;
				INFOPLIST_FILE = Unwindseque/Info.plist;
				LD_RUNPATH_SEARCH_PATHS = (
					"$(inherited)",
					"@executable_path/Frameworks",
				);
				PRODUCT_BUNDLE_IDENTIFIER = com.ios.anytime.Unwindseque;
				PRODUCT_NAME = "$(TARGET_NAME)";
				SWIFT_VERSION = 5.0;
				TARGETED_DEVICE_FAMILY = "1,2";
			};
			name = Release;
		};
		F3C53A2A2532E04D008225B1 /* Debug */ = {
			isa = XCBuildConfiguration;
			buildSettings = {
				ALWAYS_EMBED_SWIFT_STANDARD_LIBRARIES = YES;
				BUNDLE_LOADER = "$(TEST_HOST)";
				CODE_SIGN_STYLE = Automatic;
				DEVELOPMENT_TEAM = VNZ7BD5V4J;
				INFOPLIST_FILE = UnwindsequeTests/Info.plist;
				IPHONEOS_DEPLOYMENT_TARGET = 14.0;
				LD_RUNPATH_SEARCH_PATHS = (
					"$(inherited)",
					"@executable_path/Frameworks",
					"@loader_path/Frameworks",
				);
				PRODUCT_BUNDLE_IDENTIFIER = com.ios.anytime.UnwindsequeTests;
				PRODUCT_NAME = "$(TARGET_NAME)";
				SWIFT_VERSION = 5.0;
				TARGETED_DEVICE_FAMILY = "1,2";
				TEST_HOST = "$(BUILT_PRODUCTS_DIR)/Unwindseque.app/Unwindseque";
			};
			name = Debug;
		};
		F3C53A2B2532E04D008225B1 /* Release */ = {
			isa = XCBuildConfiguration;
			buildSettings = {
				ALWAYS_EMBED_SWIFT_STANDARD_LIBRARIES = YES;
				BUNDLE_LOADER = "$(TEST_HOST)";
				CODE_SIGN_STYLE = Automatic;
				DEVELOPMENT_TEAM = VNZ7BD5V4J;
				INFOPLIST_FILE = UnwindsequeTests/Info.plist;
				IPHONEOS_DEPLOYMENT_TARGET = 14.0;
				LD_RUNPATH_SEARCH_PATHS = (
					"$(inherited)",
					"@executable_path/Frameworks",
					"@loader_path/Frameworks",
				);
				PRODUCT_BUNDLE_IDENTIFIER = com.ios.anytime.UnwindsequeTests;
				PRODUCT_NAME = "$(TARGET_NAME)";
				SWIFT_VERSION = 5.0;
				TARGETED_DEVICE_FAMILY = "1,2";
				TEST_HOST = "$(BUILT_PRODUCTS_DIR)/Unwindseque.app/Unwindseque";
			};
			name = Release;
		};
		F3C53A2D2532E04D008225B1 /* Debug */ = {
			isa = XCBuildConfiguration;
			buildSettings = {
				ALWAYS_EMBED_SWIFT_STANDARD_LIBRARIES = YES;
				CODE_SIGN_STYLE = Automatic;
				DEVELOPMENT_TEAM = VNZ7BD5V4J;
				INFOPLIST_FILE = UnwindsequeUITests/Info.plist;
				LD_RUNPATH_SEARCH_PATHS = (
					"$(inherited)",
					"@executable_path/Frameworks",
					"@loader_path/Frameworks",
				);
				PRODUCT_BUNDLE_IDENTIFIER = com.ios.anytime.UnwindsequeUITests;
				PRODUCT_NAME = "$(TARGET_NAME)";
				SWIFT_VERSION = 5.0;
				TARGETED_DEVICE_FAMILY = "1,2";
				TEST_TARGET_NAME = Unwindseque;
			};
			name = Debug;
		};
		F3C53A2E2532E04D008225B1 /* Release */ = {
			isa = XCBuildConfiguration;
			buildSettings = {
				ALWAYS_EMBED_SWIFT_STANDARD_LIBRARIES = YES;
				CODE_SIGN_STYLE = Automatic;
				DEVELOPMENT_TEAM = VNZ7BD5V4J;
				INFOPLIST_FILE = UnwindsequeUITests/Info.plist;
				LD_RUNPATH_SEARCH_PATHS = (
					"$(inherited)",
					"@executable_path/Frameworks",
					"@loader_path/Frameworks",
				);
				PRODUCT_BUNDLE_IDENTIFIER = com.ios.anytime.UnwindsequeUITests;
				PRODUCT_NAME = "$(TARGET_NAME)";
				SWIFT_VERSION = 5.0;
				TARGETED_DEVICE_FAMILY = "1,2";
				TEST_TARGET_NAME = Unwindseque;
			};
			name = Release;
		};
/* End XCBuildConfiguration section */

/* Begin XCConfigurationList section */
		F3C539F72532E049008225B1 /* Build configuration list for PBXProject "Unwindseque" */ = {
			isa = XCConfigurationList;
			buildConfigurations = (
				F3C53A242532E04D008225B1 /* Debug */,
				F3C53A252532E04D008225B1 /* Release */,
			);
			defaultConfigurationIsVisible = 0;
			defaultConfigurationName = Release;
		};
		F3C53A262532E04D008225B1 /* Build configuration list for PBXNativeTarget "Unwindseque" */ = {
			isa = XCConfigurationList;
			buildConfigurations = (
				F3C53A272532E04D008225B1 /* Debug */,
				F3C53A282532E04D008225B1 /* Release */,
			);
			defaultConfigurationIsVisible = 0;
			defaultConfigurationName = Release;
		};
		F3C53A292532E04D008225B1 /* Build configuration list for PBXNativeTarget "UnwindsequeTests" */ = {
			isa = XCConfigurationList;
			buildConfigurations = (
				F3C53A2A2532E04D008225B1 /* Debug */,
				F3C53A2B2532E04D008225B1 /* Release */,
			);
			defaultConfigurationIsVisible = 0;
			defaultConfigurationName = Release;
		};
		F3C53A2C2532E04D008225B1 /* Build configuration list for PBXNativeTarget "UnwindsequeUITests" */ = {
			isa = XCConfigurationList;
			buildConfigurations = (
				F3C53A2D2532E04D008225B1 /* Debug */,
				F3C53A2E2532E04D008225B1 /* Release */,
			);
			defaultConfigurationIsVisible = 0;
			defaultConfigurationName = Release;
		};
/* End XCConfigurationList section */
	};
	rootObject = F3C539F42532E049008225B1 /* Project object */;
}
